
Microsoft Visual Studio Solution File, Format Version 12.00
# Visual Studio Version 16
VisualStudioVersion = 16.0.33801.447
MinimumVisualStudioVersion = 10.0.40219.1
Project("{FAE04EC0-301F-11D3-BF4B-00C04F79EFBC}") = "lab9", "lab9\lab9.csproj", "{6233A1ED-75FE-4112-B7D4-9D8CD9A7A737}"
EndProject
Global
	GlobalSection(SolutionConfigurationPlatforms) = preSolution
		Debug|Any CPU = Debug|Any CPU
		Release|Any CPU = Release|Any CPU
	EndGlobalSection
	GlobalSection(ProjectConfigurationPlatforms) = postSolution
		{6233A1ED-75FE-4112-B7D4-9D8CD9A7A737}.Debug|Any CPU.ActiveCfg = Debug|Any CPU
		{6233A1ED-75FE-4112-B7D4-9D8CD9A7A737}.Debug|Any CPU.Build.0 = Debug|Any CPU
		{6233A1ED-75FE-4112-B7D4-9D8CD9A7A737}.Release|Any CPU.ActiveCfg = Release|Any CPU
		{6233A1ED-75FE-4112-B7D4-9D8CD9A7A737}.Release|Any CPU.Build.0 = Release|Any CPU
	EndGlobalSection
	GlobalSection(SolutionProperties) = preSolution
		HideSolutionNode = FALSE
	EndGlobalSection
	GlobalSection(ExtensibilityGlobals) = postSolution
		SolutionGuid = {36C8EE75-676C-4A03-990F-B8147C34F502}
	EndGlobalSection
EndGlobal
